
Microsoft Visual Studio Solution File, Format Version 12.00
# Visual Studio 15
VisualStudioVersion = 15.0.27428.2043
MinimumVisualStudioVersion = 10.0.40219.1
Project("{FAE04EC0-301F-11D3-BF4B-00C04F79EFBC}") = "AppConsultaRucSunat", "AppConsultaRucSunat\AppConsultaRucSunat.csproj", "{3E98F81B-E696-46E8-8D8A-31B3520FAAE0}"
EndProject
Global
	GlobalSection(SolutionConfigurationPlatforms) = preSolution
		Debug|Any CPU = Debug|Any CPU
		Release|Any CPU = Release|Any CPU
	EndGlobalSection
	GlobalSection(ProjectConfigurationPlatforms) = postSolution
		{3E98F81B-E696-46E8-8D8A-31B3520FAAE0}.Debug|Any CPU.ActiveCfg = Debug|Any CPU
		{3E98F81B-E696-46E8-8D8A-31B3520FAAE0}.Debug|Any CPU.Build.0 = Debug|Any CPU
		{3E98F81B-E696-46E8-8D8A-31B3520FAAE0}.Release|Any CPU.ActiveCfg = Release|Any CPU
		{3E98F81B-E696-46E8-8D8A-31B3520FAAE0}.Release|Any CPU.Build.0 = Release|Any CPU
	EndGlobalSection
	GlobalSection(SolutionProperties) = preSolution
		HideSolutionNode = FALSE
	EndGlobalSection
	GlobalSection(ExtensibilityGlobals) = postSolution
		SolutionGuid = {589563B5-1016-4959-95C2-A1919E6CC351}
	EndGlobalSection
EndGlobal
